{
  "name": "r2-signed-worker",
  "version": "1.0.0",
  "lockfileVersion": 3,
  "requires": true,
  "packages": {
    "": {
      "name": "r2-signed-worker",
      "version": "1.0.0",
      "license": "ISC",
      "dependencies": {
        "@cf-wasm/photon": "^0.3.6",
        "client-zip": "^2.5.0"
      }
    },
    "node_modules/@cf-wasm/internals": {
      "version": "0.1.2",
      "resolved": "https://registry.npmjs.org/@cf-wasm/internals/-/internals-0.1.2.tgz",
      "integrity": "sha512-9d/I3JFv1IpQFYOrIw5RQShQPyuZRw9DyeBylF39Uj/MH7my8+EzKDPpUCHiqZ5O7tZS/A6zwP08egpeI5NBhA==",
      "license": "MIT"
    },
    "node_modules/@cf-wasm/photon": {
      "version": "0.3.6",
      "resolved": "https://registry.npmjs.org/@cf-wasm/photon/-/photon-0.3.6.tgz",
      "integrity": "sha512-LfLfJ10+Z+DrohjQTSBkgmqxp6d4gvlGuwFkb5c4RHJGAMyVJxrAQWGrLunWE6TvZssIkT5fhKAjQZYhFSYzqg==",
      "license": "Apache-2.0",
      "dependencies": {
        "@cf-wasm/internals": "0.1.2"
      }
    },
    "node_modules/client-zip": {
      "version": "2.5.0",
      "resolved": "https://registry.npmjs.org/client-zip/-/client-zip-2.5.0.tgz",
      "integrity": "sha512-ydG4nDZesbFurnNq0VVCp/yyomIBh+X/1fZPI/P24zbnG4dtC4tQAfI5uQsomigsUMeiRO2wiTPizLWQh+IAyQ==",
      "license": "MIT"
    }
  }
}
